
Microsoft Visual Studio Solution File, Format Version 12.00
# Visual Studio 15
VisualStudioVersion = 15.0.28307.539
MinimumVisualStudioVersion = 10.0.40219.1
Project("{FAE04EC0-301F-11D3-BF4B-00C04F79EFBC}") = "Image2Raw", "Image2Raw.csproj", "{CF5D8A18-FA54-40E1-8492-E5E01D5524D0}"
EndProject
Global
	GlobalSection(SolutionConfigurationPlatforms) = preSolution
		Debug|Any CPU = Debug|Any CPU
		Release|Any CPU = Release|Any CPU
	EndGlobalSection
	GlobalSection(ProjectConfigurationPlatforms) = postSolution
		{CF5D8A18-FA54-40E1-8492-E5E01D5524D0}.Debug|Any CPU.ActiveCfg = Debug|Any CPU
		{CF5D8A18-FA54-40E1-8492-E5E01D5524D0}.Debug|Any CPU.Build.0 = Debug|Any CPU
		{CF5D8A18-FA54-40E1-8492-E5E01D5524D0}.Release|Any CPU.ActiveCfg = Release|Any CPU
		{CF5D8A18-FA54-40E1-8492-E5E01D5524D0}.Release|Any CPU.Build.0 = Release|Any CPU
	EndGlobalSection
	GlobalSection(SolutionProperties) = preSolution
		HideSolutionNode = FALSE
	EndGlobalSection
	GlobalSection(ExtensibilityGlobals) = postSolution
		SolutionGuid = {C74EA35D-E615-43DB-A5E3-1978353BCBDF}
	EndGlobalSection
EndGlobal
